
Microsoft Visual Studio Solution File, Format Version 12.00
# Visual Studio Version 17
VisualStudioVersion = 17.8.34330.188
MinimumVisualStudioVersion = 10.0.40219.1
Project("{9A19103F-16F7-4668-BE54-9A1E7A4F7556}") = "api", "api.csproj", "{0B02F28B-EB8E-4C65-91CD-D9EBE859D757}"
EndProject
Project("{FAE04EC0-301F-11D3-BF4B-00C04F79EFBC}") = "api.test", "..\api.test\api.test.csproj", "{1F67FEBA-7B78-40D4-A139-FADC617E377B}"
EndProject
Global
	GlobalSection(SolutionConfigurationPlatforms) = preSolution
		Debug|Any CPU = Debug|Any CPU
		Release|Any CPU = Release|Any CPU
	EndGlobalSection
	GlobalSection(ProjectConfigurationPlatforms) = postSolution
		{0B02F28B-EB8E-4C65-91CD-D9EBE859D757}.Debug|Any CPU.ActiveCfg = Debug|Any CPU
		{0B02F28B-EB8E-4C65-91CD-D9EBE859D757}.Debug|Any CPU.Build.0 = Debug|Any CPU
		{0B02F28B-EB8E-4C65-91CD-D9EBE859D757}.Release|Any CPU.ActiveCfg = Release|Any CPU
		{0B02F28B-EB8E-4C65-91CD-D9EBE859D757}.Release|Any CPU.Build.0 = Release|Any CPU
		{1F67FEBA-7B78-40D4-A139-FADC617E377B}.Debug|Any CPU.ActiveCfg = Debug|Any CPU
		{1F67FEBA-7B78-40D4-A139-FADC617E377B}.Debug|Any CPU.Build.0 = Debug|Any CPU
		{1F67FEBA-7B78-40D4-A139-FADC617E377B}.Release|Any CPU.ActiveCfg = Release|Any CPU
		{1F67FEBA-7B78-40D4-A139-FADC617E377B}.Release|Any CPU.Build.0 = Release|Any CPU
	EndGlobalSection
	GlobalSection(SolutionProperties) = preSolution
		HideSolutionNode = FALSE
	EndGlobalSection
	GlobalSection(ExtensibilityGlobals) = postSolution
		SolutionGuid = {E1F74C29-BEAC-4890-A238-0E27E2B907C6}
	EndGlobalSection
EndGlobal
